
Microsoft Visual Studio Solution File, Format Version 12.00
# Visual Studio Version 17
VisualStudioVersion = 17.12.35521.163
MinimumVisualStudioVersion = 10.0.40219.1
Project("{FAE04EC0-301F-11D3-BF4B-00C04F79EFBC}") = "EduManager", "EduManager\EduManager.csproj", "{CF44D641-BE4D-4531-9D0A-5D87651C12E6}"
	ProjectSection(ProjectDependencies) = postProject
		{03122965-9005-4C77-AE49-E7DB23CC5318} = {03122965-9005-4C77-AE49-E7DB23CC5318}
		{299A841F-115F-40D5-8BE5-811179586FFF} = {299A841F-115F-40D5-8BE5-811179586FFF}
		{6874B4DA-3BB0-4C89-AEEC-43265422C87A} = {6874B4DA-3BB0-4C89-AEEC-43265422C87A}
	EndProjectSection
EndProject
Project("{FAE04EC0-301F-11D3-BF4B-00C04F79EFBC}") = "EduManager.Domain", "EduManager.Domain\EduManager.Domain.csproj", "{6874B4DA-3BB0-4C89-AEEC-43265422C87A}"
EndProject
Project("{FAE04EC0-301F-11D3-BF4B-00C04F79EFBC}") = "EduManager.Repository", "EduManager.Repository\EduManager.Repository.csproj", "{03122965-9005-4C77-AE49-E7DB23CC5318}"
	ProjectSection(ProjectDependencies) = postProject
		{299A841F-115F-40D5-8BE5-811179586FFF} = {299A841F-115F-40D5-8BE5-811179586FFF}
		{6874B4DA-3BB0-4C89-AEEC-43265422C87A} = {6874B4DA-3BB0-4C89-AEEC-43265422C87A}
	EndProjectSection
EndProject
Project("{FAE04EC0-301F-11D3-BF4B-00C04F79EFBC}") = "EduManager.Service", "EduManager.Service\EduManager.Service.csproj", "{299A841F-115F-40D5-8BE5-811179586FFF}"
	ProjectSection(ProjectDependencies) = postProject
		{6874B4DA-3BB0-4C89-AEEC-43265422C87A} = {6874B4DA-3BB0-4C89-AEEC-43265422C87A}
	EndProjectSection
EndProject
Global
	GlobalSection(SolutionConfigurationPlatforms) = preSolution
		Debug|Any CPU = Debug|Any CPU
		Release|Any CPU = Release|Any CPU
	EndGlobalSection
	GlobalSection(ProjectConfigurationPlatforms) = postSolution
		{CF44D641-BE4D-4531-9D0A-5D87651C12E6}.Debug|Any CPU.ActiveCfg = Debug|Any CPU
		{CF44D641-BE4D-4531-9D0A-5D87651C12E6}.Debug|Any CPU.Build.0 = Debug|Any CPU
		{CF44D641-BE4D-4531-9D0A-5D87651C12E6}.Release|Any CPU.ActiveCfg = Release|Any CPU
		{CF44D641-BE4D-4531-9D0A-5D87651C12E6}.Release|Any CPU.Build.0 = Release|Any CPU
		{6874B4DA-3BB0-4C89-AEEC-43265422C87A}.Debug|Any CPU.ActiveCfg = Debug|Any CPU
		{6874B4DA-3BB0-4C89-AEEC-43265422C87A}.Debug|Any CPU.Build.0 = Debug|Any CPU
		{6874B4DA-3BB0-4C89-AEEC-43265422C87A}.Release|Any CPU.ActiveCfg = Release|Any CPU
		{6874B4DA-3BB0-4C89-AEEC-43265422C87A}.Release|Any CPU.Build.0 = Release|Any CPU
		{03122965-9005-4C77-AE49-E7DB23CC5318}.Debug|Any CPU.ActiveCfg = Debug|Any CPU
		{03122965-9005-4C77-AE49-E7DB23CC5318}.Debug|Any CPU.Build.0 = Debug|Any CPU
		{03122965-9005-4C77-AE49-E7DB23CC5318}.Release|Any CPU.ActiveCfg = Release|Any CPU
		{03122965-9005-4C77-AE49-E7DB23CC5318}.Release|Any CPU.Build.0 = Release|Any CPU
		{299A841F-115F-40D5-8BE5-811179586FFF}.Debug|Any CPU.ActiveCfg = Debug|Any CPU
		{299A841F-115F-40D5-8BE5-811179586FFF}.Debug|Any CPU.Build.0 = Debug|Any CPU
		{299A841F-115F-40D5-8BE5-811179586FFF}.Release|Any CPU.ActiveCfg = Release|Any CPU
		{299A841F-115F-40D5-8BE5-811179586FFF}.Release|Any CPU.Build.0 = Release|Any CPU
	EndGlobalSection
	GlobalSection(SolutionProperties) = preSolution
		HideSolutionNode = FALSE
	EndGlobalSection
EndGlobal
